// !$*UTF8*$!
{
	archiveVersion = 1;
	classes = {
	};
	objectVersion = 50;
	objects = {

/* Begin PBXBuildFile section */
		1733B46C21E4D95E008A1309 /* ArtikelDetailViewController.swift in Sources */ = {isa = PBXBuildFile; fileRef = 1733B46B21E4D95E008A1309 /* ArtikelDetailViewController.swift */; };
		17378DA221E2443000890672 /* CategoryDetailCollectionViewCell.swift in Sources */ = {isa = PBXBuildFile; fileRef = 17378DA121E2443000890672 /* CategoryDetailCollectionViewCell.swift */; };
		17378DA421E2444700890672 /* CategoryDetailCollectionViewController.swift in Sources */ = {isa = PBXBuildFile; fileRef = 17378DA321E2444700890672 /* CategoryDetailCollectionViewController.swift */; };
		173E9B6B21EB58BD001AB013 /* WarenkorbEntity+CoreDataClass.swift in Sources */ = {isa = PBXBuildFile; fileRef = 173E9B6921EB58BD001AB013 /* WarenkorbEntity+CoreDataClass.swift */; };
		173E9B6C21EB58BD001AB013 /* WarenkorbEntity+CoreDataProperties.swift in Sources */ = {isa = PBXBuildFile; fileRef = 173E9B6A21EB58BD001AB013 /* WarenkorbEntity+CoreDataProperties.swift */; };
		17AA927521C5835D001C2BCC /* CategoryTableViewCell.swift in Sources */ = {isa = PBXBuildFile; fileRef = 17AA927421C5835D001C2BCC /* CategoryTableViewCell.swift */; };
		17AA927721C583CF001C2BCC /* CategoryTableViewController.swift in Sources */ = {isa = PBXBuildFile; fileRef = 17AA927621C583CF001C2BCC /* CategoryTableViewController.swift */; };
		17AA927921C58407001C2BCC /* Category.swift in Sources */ = {isa = PBXBuildFile; fileRef = 17AA927821C58407001C2BCC /* Category.swift */; };
		381A2E3D21EB4F8D00CFDDF6 /* WarenkorbViewController.swift in Sources */ = {isa = PBXBuildFile; fileRef = 381A2E3C21EB4F8D00CFDDF6 /* WarenkorbViewController.swift */; };
		381A2E4021EB519F00CFDDF6 /* WarenkorbTableViewCell.swift in Sources */ = {isa = PBXBuildFile; fileRef = 381A2E3F21EB519F00CFDDF6 /* WarenkorbTableViewCell.swift */; };
		381DA54421C81B3300869A59 /* HomescreenViewController.swift in Sources */ = {isa = PBXBuildFile; fileRef = 381DA54321C81B3300869A59 /* HomescreenViewController.swift */; };
		382C80E921D2698C0072D186 /* MapViewController.swift in Sources */ = {isa = PBXBuildFile; fileRef = 382C80E821D2698C0072D186 /* MapViewController.swift */; };
		3844FAB021CC14830012432A /* ZahlungsViewController.swift in Sources */ = {isa = PBXBuildFile; fileRef = 3844FAAF21CC14830012432A /* ZahlungsViewController.swift */; };
		3856CF9021C7A6F00084974B /* RegistrierenViewController.swift in Sources */ = {isa = PBXBuildFile; fileRef = 3856CF8F21C7A6F00084974B /* RegistrierenViewController.swift */; };
		38580F8C21C3A002007102F0 /* AppDelegate.swift in Sources */ = {isa = PBXBuildFile; fileRef = 38580F8B21C3A002007102F0 /* AppDelegate.swift */; };
		38580F9121C3A002007102F0 /* Main.storyboard in Resources */ = {isa = PBXBuildFile; fileRef = 38580F8F21C3A002007102F0 /* Main.storyboard */; };
		38580F9421C3A002007102F0 /* FitzAndHuxley.xcdatamodeld in Sources */ = {isa = PBXBuildFile; fileRef = 38580F9221C3A002007102F0 /* FitzAndHuxley.xcdatamodeld */; };
		38580F9621C3A003007102F0 /* Assets.xcassets in Resources */ = {isa = PBXBuildFile; fileRef = 38580F9521C3A003007102F0 /* Assets.xcassets */; };
		38580F9921C3A003007102F0 /* LaunchScreen.storyboard in Resources */ = {isa = PBXBuildFile; fileRef = 38580F9721C3A003007102F0 /* LaunchScreen.storyboard */; };
		38580FA321C3A958007102F0 /* LogInViewController.swift in Sources */ = {isa = PBXBuildFile; fileRef = 38580FA221C3A958007102F0 /* LogInViewController.swift */; };
		38A74BB521D4FD9F00EB31E4 /* AdressenViewController.swift in Sources */ = {isa = PBXBuildFile; fileRef = 38A74BB421D4FD9F00EB31E4 /* AdressenViewController.swift */; };
		38CD0DD121DF63BF00703B64 /* ArtikelEntity+CoreDataClass.swift in Sources */ = {isa = PBXBuildFile; fileRef = 38CD0DD021DF63BF00703B64 /* ArtikelEntity+CoreDataClass.swift */; };
		38CD0DD321DF64C900703B64 /* ArtikelEntity+CoreDataProperties.swift in Sources */ = {isa = PBXBuildFile; fileRef = 38CD0DD221DF64C900703B64 /* ArtikelEntity+CoreDataProperties.swift */; };
		38CD0DD521DF673200703B64 /* CoreDataStack.swift in Sources */ = {isa = PBXBuildFile; fileRef = 38CD0DD421DF673200703B64 /* CoreDataStack.swift */; };
/* End PBXBuildFile section */

/* Begin PBXFileReference section */
		1733B46B21E4D95E008A1309 /* ArtikelDetailViewController.swift */ = {isa = PBXFileReference; lastKnownFileType = sourcecode.swift; path = ArtikelDetailViewController.swift; sourceTree = "<group>"; };
		17378DA121E2443000890672 /* CategoryDetailCollectionViewCell.swift */ = {isa = PBXFileReference; lastKnownFileType = sourcecode.swift; path = CategoryDetailCollectionViewCell.swift; sourceTree = "<group>"; };
		17378DA321E2444700890672 /* CategoryDetailCollectionViewController.swift */ = {isa = PBXFileReference; lastKnownFileType = sourcecode.swift; path = CategoryDetailCollectionViewController.swift; sourceTree = "<group>"; };
		173E9B6921EB58BD001AB013 /* WarenkorbEntity+CoreDataClass.swift */ = {isa = PBXFileReference; lastKnownFileType = sourcecode.swift; path = "WarenkorbEntity+CoreDataClass.swift"; sourceTree = "<group>"; };
		173E9B6A21EB58BD001AB013 /* WarenkorbEntity+CoreDataProperties.swift */ = {isa = PBXFileReference; lastKnownFileType = sourcecode.swift; path = "WarenkorbEntity+CoreDataProperties.swift"; sourceTree = "<group>"; };
		17AA927421C5835D001C2BCC /* CategoryTableViewCell.swift */ = {isa = PBXFileReference; lastKnownFileType = sourcecode.swift; path = CategoryTableViewCell.swift; sourceTree = "<group>"; };
		17AA927621C583CF001C2BCC /* CategoryTableViewController.swift */ = {isa = PBXFileReference; lastKnownFileType = sourcecode.swift; path = CategoryTableViewController.swift; sourceTree = "<group>"; };
		17AA927821C58407001C2BCC /* Category.swift */ = {isa = PBXFileReference; lastKnownFileType = sourcecode.swift; path = Category.swift; sourceTree = "<group>"; };
		381A2E3C21EB4F8D00CFDDF6 /* WarenkorbViewController.swift */ = {isa = PBXFileReference; lastKnownFileType = sourcecode.swift; name = WarenkorbViewController.swift; path = FitzAndHuxley/WarenkorbViewController.swift; sourceTree = SOURCE_ROOT; };
		381A2E3F21EB519F00CFDDF6 /* WarenkorbTableViewCell.swift */ = {isa = PBXFileReference; lastKnownFileType = sourcecode.swift; path = WarenkorbTableViewCell.swift; sourceTree = "<group>"; };
		381DA54321C81B3300869A59 /* HomescreenViewController.swift */ = {isa = PBXFileReference; lastKnownFileType = sourcecode.swift; path = HomescreenViewController.swift; sourceTree = "<group>"; };
		382C80E821D2698C0072D186 /* MapViewController.swift */ = {isa = PBXFileReference; lastKnownFileType = sourcecode.swift; name = MapViewController.swift; path = FitzAndHuxley/MapViewController.swift; sourceTree = "<group>"; };
		3844FAAF21CC14830012432A /* ZahlungsViewController.swift */ = {isa = PBXFileReference; lastKnownFileType = sourcecode.swift; path = ZahlungsViewController.swift; sourceTree = "<group>"; };
		3856CF8F21C7A6F00084974B /* RegistrierenViewController.swift */ = {isa = PBXFileReference; lastKnownFileType = sourcecode.swift; path = RegistrierenViewController.swift; sourceTree = "<group>"; };
		38580F8821C3A002007102F0 /* FitzAndHuxley.app */ = {isa = PBXFileReference; explicitFileType = wrapper.application; includeInIndex = 0; path = FitzAndHuxley.app; sourceTree = BUILT_PRODUCTS_DIR; };
		38580F8B21C3A002007102F0 /* AppDelegate.swift */ = {isa = PBXFileReference; lastKnownFileType = sourcecode.swift; path = AppDelegate.swift; sourceTree = "<group>"; };
		38580F9021C3A002007102F0 /* Base */ = {isa = PBXFileReference; lastKnownFileType = file.storyboard; name = Base; path = Base.lproj/Main.storyboard; sourceTree = "<group>"; };
		38580F9321C3A002007102F0 /* FitzAndHuxley.xcdatamodel */ = {isa = PBXFileReference; lastKnownFileType = wrapper.xcdatamodel; path = FitzAndHuxley.xcdatamodel; sourceTree = "<group>"; };
		38580F9521C3A003007102F0 /* Assets.xcassets */ = {isa = PBXFileReference; lastKnownFileType = folder.assetcatalog; path = Assets.xcassets; sourceTree = "<group>"; };
		38580F9821C3A003007102F0 /* Base */ = {isa = PBXFileReference; lastKnownFileType = file.storyboard; name = Base; path = Base.lproj/LaunchScreen.storyboard; sourceTree = "<group>"; };
		38580F9A21C3A003007102F0 /* Info.plist */ = {isa = PBXFileReference; lastKnownFileType = text.plist.xml; path = Info.plist; sourceTree = "<group>"; };
		38580FA221C3A958007102F0 /* LogInViewController.swift */ = {isa = PBXFileReference; lastKnownFileType = sourcecode.swift; path = LogInViewController.swift; sourceTree = "<group>"; };
		38A74BB421D4FD9F00EB31E4 /* AdressenViewController.swift */ = {isa = PBXFileReference; lastKnownFileType = sourcecode.swift; path = AdressenViewController.swift; sourceTree = "<group>"; };
		38CD0DD021DF63BF00703B64 /* ArtikelEntity+CoreDataClass.swift */ = {isa = PBXFileReference; lastKnownFileType = sourcecode.swift; path = "ArtikelEntity+CoreDataClass.swift"; sourceTree = "<group>"; };
		38CD0DD221DF64C900703B64 /* ArtikelEntity+CoreDataProperties.swift */ = {isa = PBXFileReference; lastKnownFileType = sourcecode.swift; path = "ArtikelEntity+CoreDataProperties.swift"; sourceTree = "<group>"; };
		38CD0DD421DF673200703B64 /* CoreDataStack.swift */ = {isa = PBXFileReference; lastKnownFileType = sourcecode.swift; path = CoreDataStack.swift; sourceTree = "<group>"; };
/* End PBXFileReference section */

/* Begin PBXFrameworksBuildPhase section */
		38580F8521C3A002007102F0 /* Frameworks */ = {
			isa = PBXFrameworksBuildPhase;
			buildActionMask = 2147483647;
			files = (
			);
			runOnlyForDeploymentPostprocessing = 0;
		};
/* End PBXFrameworksBuildPhase section */

/* Begin PBXGroup section */
		1733B46A21E4D8F3008A1309 /* ArtikelDetail */ = {
			isa = PBXGroup;
			children = (
				1733B46B21E4D95E008A1309 /* ArtikelDetailViewController.swift */,
			);
			path = ArtikelDetail;
			sourceTree = "<group>";
		};
		1742E43021C57FCD004C5D68 /* Category */ = {
			isa = PBXGroup;
			children = (
				17AA927621C583CF001C2BCC /* CategoryTableViewController.swift */,
				17AA927421C5835D001C2BCC /* CategoryTableViewCell.swift */,
				17AA927821C58407001C2BCC /* Category.swift */,
			);
			path = Category;
			sourceTree = "<group>";
		};
		381DA54721C82BA900869A59 /* CoreData */ = {
			isa = PBXGroup;
			children = (
				38580F9A21C3A003007102F0 /* Info.plist */,
				38580F9221C3A002007102F0 /* FitzAndHuxley.xcdatamodeld */,
				38CD0DD021DF63BF00703B64 /* ArtikelEntity+CoreDataClass.swift */,
				38CD0DD221DF64C900703B64 /* ArtikelEntity+CoreDataProperties.swift */,
				38CD0DD421DF673200703B64 /* CoreDataStack.swift */,
			);
			path = CoreData;
			sourceTree = "<group>";
		};
		3849A2AE21DCE9500075F6EE /* CategoryDetail */ = {
			isa = PBXGroup;
			children = (
				17378DA321E2444700890672 /* CategoryDetailCollectionViewController.swift */,
				17378DA121E2443000890672 /* CategoryDetailCollectionViewCell.swift */,
			);
			path = CategoryDetail;
			sourceTree = "<group>";
		};
		384D62C721E230C900997C92 /* Warenkorb */ = {
			isa = PBXGroup;
			children = (
				381A2E3C21EB4F8D00CFDDF6 /* WarenkorbViewController.swift */,
				381A2E3F21EB519F00CFDDF6 /* WarenkorbTableViewCell.swift */,
			);
			path = Warenkorb;
			sourceTree = "<group>";
		};
		3856CF8E21C7A5DD0084974B /* LogIn */ = {
			isa = PBXGroup;
			children = (
				38580FA221C3A958007102F0 /* LogInViewController.swift */,
			);
			path = LogIn;
			sourceTree = "<group>";
		};
		3856CF9121C7A6FC0084974B /* SignUp */ = {
			isa = PBXGroup;
			children = (
				3856CF8F21C7A6F00084974B /* RegistrierenViewController.swift */,
				38A74BB421D4FD9F00EB31E4 /* AdressenViewController.swift */,
				3844FAAF21CC14830012432A /* ZahlungsViewController.swift */,
			);
			path = SignUp;
			sourceTree = "<group>";
		};
		38580F7F21C3A002007102F0 = {
			isa = PBXGroup;
			children = (
				173E9B6921EB58BD001AB013 /* WarenkorbEntity+CoreDataClass.swift */,
				173E9B6A21EB58BD001AB013 /* WarenkorbEntity+CoreDataProperties.swift */,
				382C80E821D2698C0072D186 /* MapViewController.swift */,
				38580F8A21C3A002007102F0 /* FitzAndHuxley */,
				38580F8921C3A002007102F0 /* Products */,
			);
			sourceTree = "<group>";
		};
		38580F8921C3A002007102F0 /* Products */ = {
			isa = PBXGroup;
			children = (
				38580F8821C3A002007102F0 /* FitzAndHuxley.app */,
			);
			name = Products;
			sourceTree = "<group>";
		};
		38580F8A21C3A002007102F0 /* FitzAndHuxley */ = {
			isa = PBXGroup;
			children = (
				381DA54721C82BA900869A59 /* CoreData */,
				3856CF9121C7A6FC0084974B /* SignUp */,
				3856CF8E21C7A5DD0084974B /* LogIn */,
				38580F8B21C3A002007102F0 /* AppDelegate.swift */,
				38580F8F21C3A002007102F0 /* Main.storyboard */,
				384D62C721E230C900997C92 /* Warenkorb */,
				1742E43021C57FCD004C5D68 /* Category */,
				3849A2AE21DCE9500075F6EE /* CategoryDetail */,
				1733B46A21E4D8F3008A1309 /* ArtikelDetail */,
				381DA54321C81B3300869A59 /* HomescreenViewController.swift */,
				38580F9521C3A003007102F0 /* Assets.xcassets */,
				38580F9721C3A003007102F0 /* LaunchScreen.storyboard */,
			);
			path = FitzAndHuxley;
			sourceTree = "<group>";
		};
/* End PBXGroup section */

/* Begin PBXNativeTarget section */
		38580F8721C3A002007102F0 /* FitzAndHuxley */ = {
			isa = PBXNativeTarget;
			buildConfigurationList = 38580F9D21C3A003007102F0 /* Build configuration list for PBXNativeTarget "FitzAndHuxley" */;
			buildPhases = (
				38580F8421C3A002007102F0 /* Sources */,
				38580F8521C3A002007102F0 /* Frameworks */,
				38580F8621C3A002007102F0 /* Resources */,
			);
			buildRules = (
			);
			dependencies = (
			);
			name = FitzAndHuxley;
			productName = FitzAndHuxley;
			productReference = 38580F8821C3A002007102F0 /* FitzAndHuxley.app */;
			productType = "com.apple.product-type.application";
		};
/* End PBXNativeTarget section */

/* Begin PBXProject section */
		38580F8021C3A002007102F0 /* Project object */ = {
			isa = PBXProject;
			attributes = {
				LastSwiftUpdateCheck = 1010;
				LastUpgradeCheck = 1010;
				ORGANIZATIONNAME = "Vanessa Balzer";
				TargetAttributes = {
					38580F8721C3A002007102F0 = {
						CreatedOnToolsVersion = 10.1;
					};
				};
			};
			buildConfigurationList = 38580F8321C3A002007102F0 /* Build configuration list for PBXProject "FitzAndHuxley" */;
			compatibilityVersion = "Xcode 9.3";
			developmentRegion = en;
			hasScannedForEncodings = 0;
			knownRegions = (
				en,
				Base,
			);
			mainGroup = 38580F7F21C3A002007102F0;
			productRefGroup = 38580F8921C3A002007102F0 /* Products */;
			projectDirPath = "";
			projectRoot = "";
			targets = (
				38580F8721C3A002007102F0 /* FitzAndHuxley */,
			);
		};
/* End PBXProject section */

/* Begin PBXResourcesBuildPhase section */
		38580F8621C3A002007102F0 /* Resources */ = {
			isa = PBXResourcesBuildPhase;
			buildActionMask = 2147483647;
			files = (
				38580F9921C3A003007102F0 /* LaunchScreen.storyboard in Resources */,
				38580F9621C3A003007102F0 /* Assets.xcassets in Resources */,
				38580F9121C3A002007102F0 /* Main.storyboard in Resources */,
			);
			runOnlyForDeploymentPostprocessing = 0;
		};
/* End PBXResourcesBuildPhase section */

/* Begin PBXSourcesBuildPhase section */
		38580F8421C3A002007102F0 /* Sources */ = {
			isa = PBXSourcesBuildPhase;
			buildActionMask = 2147483647;
			files = (
				3844FAB021CC14830012432A /* ZahlungsViewController.swift in Sources */,
				17AA927921C58407001C2BCC /* Category.swift in Sources */,
				173E9B6C21EB58BD001AB013 /* WarenkorbEntity+CoreDataProperties.swift in Sources */,
				173E9B6B21EB58BD001AB013 /* WarenkorbEntity+CoreDataClass.swift in Sources */,
				381A2E3D21EB4F8D00CFDDF6 /* WarenkorbViewController.swift in Sources */,
				381DA54421C81B3300869A59 /* HomescreenViewController.swift in Sources */,
				38580F9421C3A002007102F0 /* FitzAndHuxley.xcdatamodeld in Sources */,
				3856CF9021C7A6F00084974B /* RegistrierenViewController.swift in Sources */,
				38CD0DD121DF63BF00703B64 /* ArtikelEntity+CoreDataClass.swift in Sources */,
				38CD0DD521DF673200703B64 /* CoreDataStack.swift in Sources */,
				38580FA321C3A958007102F0 /* LogInViewController.swift in Sources */,
				17378DA221E2443000890672 /* CategoryDetailCollectionViewCell.swift in Sources */,
				1733B46C21E4D95E008A1309 /* ArtikelDetailViewController.swift in Sources */,
				382C80E921D2698C0072D186 /* MapViewController.swift in Sources */,
				17AA927721C583CF001C2BCC /* CategoryTableViewController.swift in Sources */,
				38CD0DD321DF64C900703B64 /* ArtikelEntity+CoreDataProperties.swift in Sources */,
				38580F8C21C3A002007102F0 /* AppDelegate.swift in Sources */,
				38A74BB521D4FD9F00EB31E4 /* AdressenViewController.swift in Sources */,
				17AA927521C5835D001C2BCC /* CategoryTableViewCell.swift in Sources */,
				17378DA421E2444700890672 /* CategoryDetailCollectionViewController.swift in Sources */,
				381A2E4021EB519F00CFDDF6 /* WarenkorbTableViewCell.swift in Sources */,
			);
			runOnlyForDeploymentPostprocessing = 0;
		};
/* End PBXSourcesBuildPhase section */

/* Begin PBXVariantGroup section */
		38580F8F21C3A002007102F0 /* Main.storyboard */ = {
			isa = PBXVariantGroup;
			children = (
				38580F9021C3A002007102F0 /* Base */,
			);
			name = Main.storyboard;
			sourceTree = "<group>";
		};
		38580F9721C3A003007102F0 /* LaunchScreen.storyboard */ = {
			isa = PBXVariantGroup;
			children = (
				38580F9821C3A003007102F0 /* Base */,
			);
			name = LaunchScreen.storyboard;
			sourceTree = "<group>";
		};
/* End PBXVariantGroup section */

/* Begin XCBuildConfiguration section */
		38580F9B21C3A003007102F0 /* Debug */ = {
			isa = XCBuildConfiguration;
			buildSettings = {
				ALWAYS_SEARCH_USER_PATHS = NO;
				CLANG_ANALYZER_NONNULL = YES;
				CLANG_ANALYZER_NUMBER_OBJECT_CONVERSION = YES_AGGRESSIVE;
				CLANG_CXX_LANGUAGE_STANDARD = "gnu++14";
				CLANG_CXX_LIBRARY = "libc++";
				CLANG_ENABLE_MODULES = YES;
				CLANG_ENABLE_OBJC_ARC = YES;
				CLANG_ENABLE_OBJC_WEAK = YES;
				CLANG_WARN_BLOCK_CAPTURE_AUTORELEASING = YES;
				CLANG_WARN_BOOL_CONVERSION = YES;
				CLANG_WARN_COMMA = YES;
				CLANG_WARN_CONSTANT_CONVERSION = YES;
				CLANG_WARN_DEPRECATED_OBJC_IMPLEMENTATIONS = YES;
				CLANG_WARN_DIRECT_OBJC_ISA_USAGE = YES_ERROR;
				CLANG_WARN_DOCUMENTATION_COMMENTS = YES;
				CLANG_WARN_EMPTY_BODY = YES;
				CLANG_WARN_ENUM_CONVERSION = YES;
				CLANG_WARN_INFINITE_RECURSION = YES;
				CLANG_WARN_INT_CONVERSION = YES;
				CLANG_WARN_NON_LITERAL_NULL_CONVERSION = YES;
				CLANG_WARN_OBJC_IMPLICIT_RETAIN_SELF = YES;
				CLANG_WARN_OBJC_LITERAL_CONVERSION = YES;
				CLANG_WARN_OBJC_ROOT_CLASS = YES_ERROR;
				CLANG_WARN_RANGE_LOOP_ANALYSIS = YES;
				CLANG_WARN_STRICT_PROTOTYPES = YES;
				CLANG_WARN_SUSPICIOUS_MOVE = YES;
				CLANG_WARN_UNGUARDED_AVAILABILITY = YES_AGGRESSIVE;
				CLANG_WARN_UNREACHABLE_CODE = YES;
				CLANG_WARN__DUPLICATE_METHOD_MATCH = YES;
				CODE_SIGN_IDENTITY = "iPhone Developer";
				COPY_PHASE_STRIP = NO;
				DEBUG_INFORMATION_FORMAT = dwarf;
				ENABLE_STRICT_OBJC_MSGSEND = YES;
				ENABLE_TESTABILITY = YES;
				GCC_C_LANGUAGE_STANDARD = gnu11;
				GCC_DYNAMIC_NO_PIC = NO;
				GCC_NO_COMMON_BLOCKS = YES;
				GCC_OPTIMIZATION_LEVEL = 0;
				GCC_PREPROCESSOR_DEFINITIONS = (
					"DEBUG=1",
					"$(inherited)",
				);
				GCC_WARN_64_TO_32_BIT_CONVERSION = YES;
				GCC_WARN_ABOUT_RETURN_TYPE = YES_ERROR;
				GCC_WARN_UNDECLARED_SELECTOR = YES;
				GCC_WARN_UNINITIALIZED_AUTOS = YES_AGGRESSIVE;
				GCC_WARN_UNUSED_FUNCTION = YES;
				GCC_WARN_UNUSED_VARIABLE = YES;
				IPHONEOS_DEPLOYMENT_TARGET = 12.1;
				MTL_ENABLE_DEBUG_INFO = INCLUDE_SOURCE;
				MTL_FAST_MATH = YES;
				ONLY_ACTIVE_ARCH = YES;
				SDKROOT = iphoneos;
				SWIFT_ACTIVE_COMPILATION_CONDITIONS = DEBUG;
				SWIFT_OPTIMIZATION_LEVEL = "-Onone";
			};
			name = Debug;
		};
		38580F9C21C3A003007102F0 /* Release */ = {
			isa = XCBuildConfiguration;
			buildSettings = {
				ALWAYS_SEARCH_USER_PATHS = NO;
				CLANG_ANALYZER_NONNULL = YES;
				CLANG_ANALYZER_NUMBER_OBJECT_CONVERSION = YES_AGGRESSIVE;
				CLANG_CXX_LANGUAGE_STANDARD = "gnu++14";
				CLANG_CXX_LIBRARY = "libc++";
				CLANG_ENABLE_MODULES = YES;
				CLANG_ENABLE_OBJC_ARC = YES;
				CLANG_ENABLE_OBJC_WEAK = YES;
				CLANG_WARN_BLOCK_CAPTURE_AUTORELEASING = YES;
				CLANG_WARN_BOOL_CONVERSION = YES;
				CLANG_WARN_COMMA = YES;
				CLANG_WARN_CONSTANT_CONVERSION = YES;
				CLANG_WARN_DEPRECATED_OBJC_IMPLEMENTATIONS = YES;
				CLANG_WARN_DIRECT_OBJC_ISA_USAGE = YES_ERROR;
				CLANG_WARN_DOCUMENTATION_COMMENTS = YES;
				CLANG_WARN_EMPTY_BODY = YES;
				CLANG_WARN_ENUM_CONVERSION = YES;
				CLANG_WARN_INFINITE_RECURSION = YES;
				CLANG_WARN_INT_CONVERSION = YES;
				CLANG_WARN_NON_LITERAL_NULL_CONVERSION = YES;
				CLANG_WARN_OBJC_IMPLICIT_RETAIN_SELF = YES;
				CLANG_WARN_OBJC_LITERAL_CONVERSION = YES;
				CLANG_WARN_OBJC_ROOT_CLASS = YES_ERROR;
				CLANG_WARN_RANGE_LOOP_ANALYSIS = YES;
				CLANG_WARN_STRICT_PROTOTYPES = YES;
				CLANG_WARN_SUSPICIOUS_MOVE = YES;
				CLANG_WARN_UNGUARDED_AVAILABILITY = YES_AGGRESSIVE;
				CLANG_WARN_UNREACHABLE_CODE = YES;
				CLANG_WARN__DUPLICATE_METHOD_MATCH = YES;
				CODE_SIGN_IDENTITY = "iPhone Developer";
				COPY_PHASE_STRIP = NO;
				DEBUG_INFORMATION_FORMAT = "dwarf-with-dsym";
				ENABLE_NS_ASSERTIONS = NO;
				ENABLE_STRICT_OBJC_MSGSEND = YES;
				GCC_C_LANGUAGE_STANDARD = gnu11;
				GCC_NO_COMMON_BLOCKS = YES;
				GCC_WARN_64_TO_32_BIT_CONVERSION = YES;
				GCC_WARN_ABOUT_RETURN_TYPE = YES_ERROR;
				GCC_WARN_UNDECLARED_SELECTOR = YES;
				GCC_WARN_UNINITIALIZED_AUTOS = YES_AGGRESSIVE;
				GCC_WARN_UNUSED_FUNCTION = YES;
				GCC_WARN_UNUSED_VARIABLE = YES;
				IPHONEOS_DEPLOYMENT_TARGET = 12.1;
				MTL_ENABLE_DEBUG_INFO = NO;
				MTL_FAST_MATH = YES;
				SDKROOT = iphoneos;
				SWIFT_COMPILATION_MODE = wholemodule;
				SWIFT_OPTIMIZATION_LEVEL = "-O";
				VALIDATE_PRODUCT = YES;
			};
			name = Release;
		};
		38580F9E21C3A003007102F0 /* Debug */ = {
			isa = XCBuildConfiguration;
			buildSettings = {
				ASSETCATALOG_COMPILER_APPICON_NAME = AppIcon;
				CODE_SIGN_IDENTITY = "iPhone Developer";
				CODE_SIGN_STYLE = Automatic;
				DEVELOPMENT_TEAM = MVS5GQ4RM5;
				INFOPLIST_FILE = FitzAndHuxley/CoreData/Info.plist;
				LD_RUNPATH_SEARCH_PATHS = (
					"$(inherited)",
					"@executable_path/Frameworks",
				);
				PRODUCT_BUNDLE_IDENTIFIER = "FITZANDHUXLEY-BUNDLE-IDENTIFIER";
				PRODUCT_NAME = "$(TARGET_NAME)";
				PROVISIONING_PROFILE_SPECIFIER = "";
				SWIFT_VERSION = 4.2;
				TARGETED_DEVICE_FAMILY = "1,2";
			};
			name = Debug;
		};
		38580F9F21C3A003007102F0 /* Release */ = {
			isa = XCBuildConfiguration;
			buildSettings = {
				ASSETCATALOG_COMPILER_APPICON_NAME = AppIcon;
				CODE_SIGN_IDENTITY = "iPhone Developer";
				CODE_SIGN_STYLE = Automatic;
				DEVELOPMENT_TEAM = MVS5GQ4RM5;
				INFOPLIST_FILE = FitzAndHuxley/CoreData/Info.plist;
				LD_RUNPATH_SEARCH_PATHS = (
					"$(inherited)",
					"@executable_path/Frameworks",
				);
				PRODUCT_BUNDLE_IDENTIFIER = "FITZANDHUXLEY-BUNDLE-IDENTIFIER";
				PRODUCT_NAME = "$(TARGET_NAME)";
				PROVISIONING_PROFILE_SPECIFIER = "";
				SWIFT_VERSION = 4.2;
				TARGETED_DEVICE_FAMILY = "1,2";
			};
			name = Release;
		};
/* End XCBuildConfiguration section */

/* Begin XCConfigurationList section */
		38580F8321C3A002007102F0 /* Build configuration list for PBXProject "FitzAndHuxley" */ = {
			isa = XCConfigurationList;
			buildConfigurations = (
				38580F9B21C3A003007102F0 /* Debug */,
				38580F9C21C3A003007102F0 /* Release */,
			);
			defaultConfigurationIsVisible = 0;
			defaultConfigurationName = Release;
		};
		38580F9D21C3A003007102F0 /* Build configuration list for PBXNativeTarget "FitzAndHuxley" */ = {
			isa = XCConfigurationList;
			buildConfigurations = (
				38580F9E21C3A003007102F0 /* Debug */,
				38580F9F21C3A003007102F0 /* Release */,
			);
			defaultConfigurationIsVisible = 0;
			defaultConfigurationName = Release;
		};
/* End XCConfigurationList section */

/* Begin XCVersionGroup section */
		38580F9221C3A002007102F0 /* FitzAndHuxley.xcdatamodeld */ = {
			isa = XCVersionGroup;
			children = (
				38580F9321C3A002007102F0 /* FitzAndHuxley.xcdatamodel */,
			);
			currentVersion = 38580F9321C3A002007102F0 /* FitzAndHuxley.xcdatamodel */;
			path = FitzAndHuxley.xcdatamodeld;
			sourceTree = "<group>";
			versionGroupType = wrapper.xcdatamodel;
		};
/* End XCVersionGroup section */
	};
	rootObject = 38580F8021C3A002007102F0 /* Project object */;
}
